
Microsoft Visual Studio Solution File, Format Version 12.00
# Visual Studio Version 17
VisualStudioVersion = 17.7.34003.232
MinimumVisualStudioVersion = 10.0.40219.1
Project("{FAE04EC0-301F-11D3-BF4B-00C04F79EFBC}") = "PruebaRedis", "PruebaRedis.csproj", "{B67CE287-1FB4-4537-8DA7-E84D9BDD4DCC}"
EndProject
Global
	GlobalSection(SolutionConfigurationPlatforms) = preSolution
		Debug|Any CPU = Debug|Any CPU
		Release|Any CPU = Release|Any CPU
	EndGlobalSection
	GlobalSection(ProjectConfigurationPlatforms) = postSolution
		{B67CE287-1FB4-4537-8DA7-E84D9BDD4DCC}.Debug|Any CPU.ActiveCfg = Debug|Any CPU
		{B67CE287-1FB4-4537-8DA7-E84D9BDD4DCC}.Debug|Any CPU.Build.0 = Debug|Any CPU
		{B67CE287-1FB4-4537-8DA7-E84D9BDD4DCC}.Release|Any CPU.ActiveCfg = Release|Any CPU
		{B67CE287-1FB4-4537-8DA7-E84D9BDD4DCC}.Release|Any CPU.Build.0 = Release|Any CPU
	EndGlobalSection
	GlobalSection(SolutionProperties) = preSolution
		HideSolutionNode = FALSE
	EndGlobalSection
	GlobalSection(ExtensibilityGlobals) = postSolution
		SolutionGuid = {BF940D75-5D93-4348-842D-E12CD2DEB946}
	EndGlobalSection
EndGlobal
